<?xml version="1.0" encoding="utf-8"?>
<Project ToolsVersion="4.0" xmlns="http://schemas.microsoft.com/developer/msbuild/2003">
  <ItemGroup>
    <Filter Include="リソース ファイル">
      <UniqueIdentifier>{67DA6AB6-F800-4c08-8B7A-83BB121AAD01}</UniqueIdentifier>
      <Extensions>rc;ico;cur;bmp;dlg;rc2;rct;bin;rgs;gif;jpg;jpeg;jpe;resx;tiff;tif;png;wav;mfcribbon-ms</Extensions>
    </Filter>
    <Filter Include="Engine">
      <UniqueIdentifier>{64da1eb4-35aa-4e29-9a69-e2829f05c147}</UniqueIdentifier>
    </Filter>
    <Filter Include="Engine\Base">
      <UniqueIdentifier>{500a25b7-0eac-4a3e-ad00-adfa5222aa78}</UniqueIdentifier>
    </Filter>
    <Filter Include="Engine\2d">
      <UniqueIdentifier>{9478d852-42b9-4f0b-aa77-329b735be7b0}</UniqueIdentifier>
    </Filter>
    <Filter Include="Engine\3d">
      <UniqueIdentifier>{9a941f32-ebb8-4c4e-b76f-c453e67b5dbf}</UniqueIdentifier>
    </Filter>
    <Filter Include="Engine\Camera">
      <UniqueIdentifier>{b22288ff-ff60-47bb-9a09-0f5ef2c70bcb}</UniqueIdentifier>
    </Filter>
    <Filter Include="Engine\Math">
      <UniqueIdentifier>{e68d3b46-cfe3-4a5e-9ada-207757d606f4}</UniqueIdentifier>
    </Filter>
    <Filter Include="Engine\Input">
      <UniqueIdentifier>{ff95899c-91a7-4f40-a6e7-e37e1c16c2a8}</UniqueIdentifier>
    </Filter>
    <Filter Include="Engine\3d\Particle">
      <UniqueIdentifier>{05c165ac-f94c-4c9c-b345-1b385a153993}</UniqueIdentifier>
    </Filter>
    <Filter Include="Engine\Framework">
      <UniqueIdentifier>{92047098-2085-4f1b-9b8e-502b184d64c7}</UniqueIdentifier>
    </Filter>
    <Filter Include="Game">
      <UniqueIdentifier>{e92a25cf-b30e-4faf-bd81-9d0ed37e9e51}</UniqueIdentifier>
    </Filter>
    <Filter Include="Engine\BaseScene">
      <UniqueIdentifier>{a9e99e14-0ce7-4fbb-b7e8-6e7f72e0d4ad}</UniqueIdentifier>
    </Filter>
    <Filter Include="Game\Scene">
      <UniqueIdentifier>{eca7b166-bb3a-4d22-a963-df1bc14ddaf7}</UniqueIdentifier>
    </Filter>
    <Filter Include="Engine\Collision">
      <UniqueIdentifier>{a718f71a-1100-4bcb-9d06-9473b05ba18c}</UniqueIdentifier>
    </Filter>
    <Filter Include="Engine\DebugText">
      <UniqueIdentifier>{4716450b-8a68-4a09-b551-37c545463912}</UniqueIdentifier>
    </Filter>
    <Filter Include="Engine\Audio">
      <UniqueIdentifier>{951f94c5-20fb-491b-b20e-c5528d356ac4}</UniqueIdentifier>
    </Filter>
    <Filter Include="Engine\3d\Light">
      <UniqueIdentifier>{190090c4-36c4-43e6-a3c0-0bf83446cbe6}</UniqueIdentifier>
    </Filter>
    <Filter Include="Engine\Loader">
      <UniqueIdentifier>{4adaf229-8558-45a3-b1b9-00efe9cfdacd}</UniqueIdentifier>
    </Filter>
    <Filter Include="Engine\Easing">
      <UniqueIdentifier>{4bd20e2c-9833-48f9-b7e3-ec84d2465f35}</UniqueIdentifier>
    </Filter>
    <Filter Include="Game\Charactor">
      <UniqueIdentifier>{f0ddd313-3b86-42d0-a5c8-921747744e38}</UniqueIdentifier>
    </Filter>
    <Filter Include="Engine\Line">
      <UniqueIdentifier>{4cdc3d87-ca5a-4b43-b7b9-91e46240f6d3}</UniqueIdentifier>
    </Filter>
    <Filter Include="Engine\PostEffect">
      <UniqueIdentifier>{f2e40545-8620-46c2-b73c-dde6521abece}</UniqueIdentifier>
    </Filter>
    <Filter Include="Engine\3d\Model">
      <UniqueIdentifier>{09a5243c-6ffc-4d31-9229-9c39d87bd460}</UniqueIdentifier>
    </Filter>
    <Filter Include="Game\Charactor\Player">
      <UniqueIdentifier>{7bbaccff-a584-43bb-b2b2-cf59682098ab}</UniqueIdentifier>
    </Filter>
    <Filter Include="Game\Charactor\Boss">
      <UniqueIdentifier>{e96c1dfa-b868-45f9-a794-eecee36d27a8}</UniqueIdentifier>
    </Filter>
    <Filter Include="Game\Charactor\Boss\Icicle">
      <UniqueIdentifier>{6e09ea25-6bdd-4a7f-8e4e-736d36fa79b0}</UniqueIdentifier>
    </Filter>
    <Filter Include="Game\Charactor\Boss\PlasmaShot">
      <UniqueIdentifier>{18c28a70-f928-4246-b56e-1f13741f557f}</UniqueIdentifier>
    </Filter>
    <Filter Include="Game\Charactor\Boss\ElementBall">
      <UniqueIdentifier>{bc8f0de4-103d-4155-99fc-fe2ced55c7ab}</UniqueIdentifier>
    </Filter>
    <Filter Include="Game\GameObject">
      <UniqueIdentifier>{257adb4a-7718-4a6e-8a94-f4eb14d52e76}</UniqueIdentifier>
    </Filter>
    <Filter Include="Game\Effects">
      <UniqueIdentifier>{5b67c19d-7414-4be2-abf2-073291c60a33}</UniqueIdentifier>
    </Filter>
    <Filter Include="Engine\GraphicsPipeline">
      <UniqueIdentifier>{108b8350-d3a9-4003-8307-bd0d8326e8e5}</UniqueIdentifier>
    </Filter>
    <Filter Include="Engine\ComputePipeline">
      <UniqueIdentifier>{3cc8768f-f9c3-49a6-ad2a-faf39e63019f}</UniqueIdentifier>
    </Filter>
    <Filter Include="Engine\3d\Animation">
      <UniqueIdentifier>{ed94aa1d-7784-4b1e-978a-e3bf889eb516}</UniqueIdentifier>
    </Filter>
    <Filter Include="Game\Charactor\Boss\Behavior">
      <UniqueIdentifier>{5a54c480-bf69-469a-9bb8-98b34cbbc7fb}</UniqueIdentifier>
    </Filter>
    <Filter Include="Game\Charactor\Boss\Behavior\Idel">
      <UniqueIdentifier>{9b6f1872-5b5b-4f17-b578-961e5999f616}</UniqueIdentifier>
    </Filter>
    <Filter Include="Game\Charactor\Boss\Behavior\Attack">
      <UniqueIdentifier>{63dd1c23-d9f8-4cc3-8d36-b589189432a6}</UniqueIdentifier>
    </Filter>
    <Filter Include="Game\Charactor\Boss\Behavior\Dead">
      <UniqueIdentifier>{ad862d1c-b5c6-4b59-bfd2-07c3aeb9db0d}</UniqueIdentifier>
    </Filter>
    <Filter Include="Game\Charactor\Boss\Behavior\Appear">
      <UniqueIdentifier>{85c4d18b-9eed-4f92-957d-42895a4fc9ef}</UniqueIdentifier>
    </Filter>
    <Filter Include="Game\Charactor\Player\Behavior">
      <UniqueIdentifier>{a0f9ea71-bd70-4bb9-b5f6-329436e5ad4f}</UniqueIdentifier>
    </Filter>
    <Filter Include="Game\Charactor\Player\Behavior\Attack">
      <UniqueIdentifier>{417ff748-f27b-452c-ba29-97e50fb6b967}</UniqueIdentifier>
    </Filter>
    <Filter Include="Game\Charactor\Player\Behavior\Dash">
      <UniqueIdentifier>{d85f18d8-a75b-4774-a9c4-d1adeab2a8c1}</UniqueIdentifier>
    </Filter>
    <Filter Include="Game\Charactor\Player\Behavior\Dead">
      <UniqueIdentifier>{defda373-a9c3-449e-9c80-0844531439ef}</UniqueIdentifier>
    </Filter>
    <Filter Include="Game\Charactor\Player\Behavior\Idel">
      <UniqueIdentifier>{a47c9477-5490-4852-b087-17f40811e839}</UniqueIdentifier>
    </Filter>
    <Filter Include="Game\Charactor\Player\Behavior\Jog">
      <UniqueIdentifier>{d878d9ff-6fb4-4923-bae6-b4f414fcbd58}</UniqueIdentifier>
    </Filter>
    <Filter Include="Game\Charactor\Player\Behavior\KnockBack">
      <UniqueIdentifier>{05c8b22b-63d2-4990-8257-46ad351d9d7a}</UniqueIdentifier>
    </Filter>
    <Filter Include="Engine\Collision\Collider">
      <UniqueIdentifier>{190b78bf-70cd-41d5-800d-dbda524a7239}</UniqueIdentifier>
    </Filter>
    <Filter Include="Game\Scene\GameScene">
      <UniqueIdentifier>{2e349f66-a986-4ff4-ae54-8325f5f56e44}</UniqueIdentifier>
    </Filter>
    <Filter Include="Game\Scene\DebugTestScene">
      <UniqueIdentifier>{1d48f746-b6c5-48a0-acc2-0a69c9fbc1af}</UniqueIdentifier>
    </Filter>
    <Filter Include="Game\Scene\TitleScene">
      <UniqueIdentifier>{0e431317-84ed-467f-bf9d-6ab0225ef911}</UniqueIdentifier>
    </Filter>
    <Filter Include="Game\Scene\GameScene\State">
      <UniqueIdentifier>{9365be3e-7056-46d6-ac80-880d7cd35208}</UniqueIdentifier>
    </Filter>
    <Filter Include="Game\Scene\GameScene\State\Battle">
      <UniqueIdentifier>{8faf1a20-79c0-46b4-8686-fd73fa88a914}</UniqueIdentifier>
    </Filter>
    <Filter Include="Game\Scene\GameScene\State\PlayerDead">
      <UniqueIdentifier>{b2a317c0-b332-48bf-9949-490d31566686}</UniqueIdentifier>
    </Filter>
    <Filter Include="Game\Scene\GameScene\State\BossDead">
      <UniqueIdentifier>{e1485c61-85b4-4262-adcf-d40cda0923df}</UniqueIdentifier>
    </Filter>
    <Filter Include="Game\Scene\GameScene\State\Clear">
      <UniqueIdentifier>{6815b269-13c4-43a3-b17b-b877f460a784}</UniqueIdentifier>
    </Filter>
    <Filter Include="Game\Scene\GameScene\State\GameOver">
      <UniqueIdentifier>{359e451b-ef74-4481-a50b-af22b62f39eb}</UniqueIdentifier>
    </Filter>
    <Filter Include="Game\Charactor\Player\MagicBall">
      <UniqueIdentifier>{9748132f-0bfb-4c26-9b0e-46b28608e2e3}</UniqueIdentifier>
    </Filter>
    <Filter Include="Game\Charactor\Boss\GroundFlare">
      <UniqueIdentifier>{960db93f-bd31-41f8-8feb-0b089be92cca}</UniqueIdentifier>
    </Filter>
    <Filter Include="Game\Charactor\Player\GroundBurst">
      <UniqueIdentifier>{6d5ee438-ed03-411d-ae6b-e2ad3a2ec033}</UniqueIdentifier>
    </Filter>
    <Filter Include="Game\Charactor\Boss\Behavior\Move">
      <UniqueIdentifier>{fc351a0c-10a7-4e27-959c-7d4dc1ab887e}</UniqueIdentifier>
    </Filter>
    <Filter Include="Game\Charactor\Player\Behavior\Avoid">
      <UniqueIdentifier>{218c19ad-d8b1-4c19-8be3-5bfe1aba997c}</UniqueIdentifier>
    </Filter>
    <Filter Include="Game\Charactor\Boss\IceImpact">
      <UniqueIdentifier>{1f873148-b364-4776-a7c1-315a67e50a49}</UniqueIdentifier>
    </Filter>
    <Filter Include="Game\Charactor\Player\State">
      <UniqueIdentifier>{3269e30a-28aa-43f9-baef-ab543bbf857a}</UniqueIdentifier>
    </Filter>
    <Filter Include="Game\Charactor\Player\State\BurnState">
      <UniqueIdentifier>{853ea377-39f0-48d0-8cd5-22edbad8b2cb}</UniqueIdentifier>
    </Filter>
    <Filter Include="Game\Charactor\Player\State\ChilledState">
      <UniqueIdentifier>{06fc00cf-3787-4699-8717-0a1617531aed}</UniqueIdentifier>
    </Filter>
    <Filter Include="Game\Charactor\Player\State\NormalState">
      <UniqueIdentifier>{c53dda80-0b31-4621-bc63-493b5113bd61}</UniqueIdentifier>
    </Filter>
  </ItemGroup>
  <ItemGroup>
    <ClCompile Include="main.cpp" />
    <ClCompile Include="Engine\Base\DirectXCommon.cpp">
      <Filter>Engine\Base</Filter>
    </ClCompile>
    <ClCompile Include="Engine\Base\WinApp.cpp">
      <Filter>Engine\Base</Filter>
    </ClCompile>
    <ClCompile Include="Engine\3d\Object3d.cpp">
      <Filter>Engine\3d</Filter>
    </ClCompile>
    <ClCompile Include="Engine\2d\Sprite.cpp">
      <Filter>Engine\2d</Filter>
    </ClCompile>
    <ClCompile Include="Engine\Input\Input.cpp">
      <Filter>Engine\Input</Filter>
    </ClCompile>
    <ClCompile Include="Engine\DebugText\ImGuiManager.cpp">
      <Filter>Engine\DebugText</Filter>
    </ClCompile>
    <ClCompile Include="Engine\3d\Particle\Particle.cpp">
      <Filter>Engine\3d\Particle</Filter>
    </ClCompile>
    <ClCompile Include="Engine\Base\TextureManager.cpp">
      <Filter>Engine\Base</Filter>
    </ClCompile>
    <ClCompile Include="Engine\Framework\Framework.cpp">
      <Filter>Engine\Framework</Filter>
    </ClCompile>
    <ClCompile Include="Game\MyGame.cpp">
      <Filter>Game</Filter>
    </ClCompile>
    <ClCompile Include="Game\Scene\SceneFactory.cpp">
      <Filter>Game\Scene</Filter>
    </ClCompile>
    <ClCompile Include="Engine\BaseScene\SceneManager.cpp">
      <Filter>Engine\BaseScene</Filter>
    </ClCompile>
    <ClCompile Include="Engine\Collision\Hit.cpp">
      <Filter>Engine\Collision</Filter>
    </ClCompile>
    <ClCompile Include="Engine\Camera\Camera.cpp">
      <Filter>Engine\Camera</Filter>
    </ClCompile>
    <ClCompile Include="Engine\DebugText\GlobalVariables.cpp">
      <Filter>Engine\DebugText</Filter>
    </ClCompile>
    <ClCompile Include="Engine\3d\WorldTransform.cpp">
      <Filter>Engine\3d</Filter>
    </ClCompile>
    <ClCompile Include="Engine\3d\Light\DirectionalLight.cpp">
      <Filter>Engine\3d\Light</Filter>
    </ClCompile>
    <ClCompile Include="Engine\3d\Light\PointLight.cpp">
      <Filter>Engine\3d\Light</Filter>
    </ClCompile>
    <ClCompile Include="Engine\3d\Light\SpotLight.cpp">
      <Filter>Engine\3d\Light</Filter>
    </ClCompile>
    <ClCompile Include="Engine\Loader\LevelLoader.cpp">
      <Filter>Engine\Loader</Filter>
    </ClCompile>
    <ClCompile Include="Engine\Easing\Easing.cpp">
      <Filter>Engine\Easing</Filter>
    </ClCompile>
    <ClCompile Include="Engine\3d\SkinningObject.cpp">
      <Filter>Engine\3d</Filter>
    </ClCompile>
    <ClCompile Include="Engine\3d\SkinCluster.cpp">
      <Filter>Engine\3d</Filter>
    </ClCompile>
    <ClCompile Include="Engine\Line\Line.cpp">
      <Filter>Engine\Line</Filter>
    </ClCompile>
    <ClCompile Include="Engine\3d\SkyBox.cpp">
      <Filter>Engine\3d</Filter>
    </ClCompile>
    <ClCompile Include="Engine\Collision\ShapesDraw.cpp">
      <Filter>Engine\Collision</Filter>
    </ClCompile>
    <ClCompile Include="Engine\3d\Mesh.cpp">
      <Filter>Engine\3d</Filter>
    </ClCompile>
    <ClCompile Include="Engine\3d\Material.cpp">
      <Filter>Engine\3d</Filter>
    </ClCompile>
    <ClCompile Include="Engine\PostEffect\PostEffect.cpp">
      <Filter>Engine\PostEffect</Filter>
    </ClCompile>
    <ClCompile Include="Engine\PostEffect\Dissolve.cpp">
      <Filter>Engine\PostEffect</Filter>
    </ClCompile>
    <ClCompile Include="Engine\PostEffect\OutLine.cpp">
      <Filter>Engine\PostEffect</Filter>
    </ClCompile>
    <ClCompile Include="Engine\Audio\Audio.cpp">
      <Filter>Engine\Audio</Filter>
    </ClCompile>
    <ClCompile Include="Engine\3d\Model\ModelManager.cpp">
      <Filter>Engine\3d\Model</Filter>
    </ClCompile>
    <ClCompile Include="Engine\3d\Particle\GPUParticle.cpp">
      <Filter>Engine\3d\Particle</Filter>
    </ClCompile>
    <ClCompile Include="Engine\PostEffect\HSVFilter.cpp">
      <Filter>Engine\PostEffect</Filter>
    </ClCompile>
    <ClCompile Include="Game\Charactor\Boss\Boss.cpp">
      <Filter>Game\Charactor\Boss</Filter>
    </ClCompile>
    <ClCompile Include="Game\Charactor\Player\Player.cpp">
      <Filter>Game\Charactor\Player</Filter>
    </ClCompile>
    <ClCompile Include="Game\Charactor\Boss\Icicle\Icicle.cpp">
      <Filter>Game\Charactor\Boss\Icicle</Filter>
    </ClCompile>
    <ClCompile Include="Game\Charactor\Boss\Icicle\IcicleManager.cpp">
      <Filter>Game\Charactor\Boss\Icicle</Filter>
    </ClCompile>
    <ClCompile Include="Game\Charactor\Boss\PlasmaShot\PlasmaShot.cpp">
      <Filter>Game\Charactor\Boss\PlasmaShot</Filter>
    </ClCompile>
    <ClCompile Include="Game\Charactor\Boss\PlasmaShot\PlasmaShotManager.cpp">
      <Filter>Game\Charactor\Boss\PlasmaShot</Filter>
    </ClCompile>
    <ClCompile Include="Game\Charactor\Boss\ElementBall\ElementBall.cpp">
      <Filter>Game\Charactor\Boss\ElementBall</Filter>
    </ClCompile>
    <ClCompile Include="Game\Charactor\Boss\ElementBall\ElementBallManager.cpp">
      <Filter>Game\Charactor\Boss\ElementBall</Filter>
    </ClCompile>
    <ClCompile Include="Game\GameObject\Rock.cpp">
      <Filter>Game\GameObject</Filter>
    </ClCompile>
    <ClCompile Include="Game\GameObject\Ground.cpp">
      <Filter>Game\GameObject</Filter>
    </ClCompile>
    <ClCompile Include="Game\Charactor\Player\FollowCamera.cpp">
      <Filter>Game\Charactor\Player</Filter>
    </ClCompile>
    <ClCompile Include="Game\Effects\BurnScar.cpp">
      <Filter>Game\Effects</Filter>
    </ClCompile>
    <ClCompile Include="Game\Effects\BaseScar.cpp">
      <Filter>Game\Effects</Filter>
    </ClCompile>
    <ClCompile Include="Game\Effects\IceScar.cpp">
      <Filter>Game\Effects</Filter>
    </ClCompile>
    <ClCompile Include="Engine\3d\Particle\ParticleManager.cpp">
      <Filter>Engine\3d\Particle</Filter>
    </ClCompile>
    <ClCompile Include="Engine\3d\Particle\ParticleEditor.cpp">
      <Filter>Engine\3d\Particle</Filter>
    </ClCompile>
    <ClCompile Include="Engine\GraphicsPipeline\SpriteGraphicsPipeline.cpp">
      <Filter>Engine\GraphicsPipeline</Filter>
    </ClCompile>
    <ClCompile Include="Engine\Base\DXCompiler.cpp">
      <Filter>Engine\Base</Filter>
    </ClCompile>
    <ClCompile Include="Engine\GraphicsPipeline\BaseGraphicsPipeline.cpp">
      <Filter>Engine\GraphicsPipeline</Filter>
    </ClCompile>
    <ClCompile Include="Engine\GraphicsPipeline\PipelineManager.cpp">
      <Filter>Engine\GraphicsPipeline</Filter>
    </ClCompile>
    <ClCompile Include="Engine\GraphicsPipeline\LineGraphicsPipeline.cpp">
      <Filter>Engine\GraphicsPipeline</Filter>
    </ClCompile>
    <ClCompile Include="Engine\GraphicsPipeline\Object3dGraphicsPipeline.cpp">
      <Filter>Engine\GraphicsPipeline</Filter>
    </ClCompile>
    <ClCompile Include="Engine\GraphicsPipeline\SkinningGraphicsPipeline.cpp">
      <Filter>Engine\GraphicsPipeline</Filter>
    </ClCompile>
    <ClCompile Include="Engine\ComputePipeline\SkinningComputePipeline.cpp">
      <Filter>Engine\ComputePipeline</Filter>
    </ClCompile>
    <ClCompile Include="Engine\ComputePipeline\BaseComputePipeline.cpp">
      <Filter>Engine\ComputePipeline</Filter>
    </ClCompile>
    <ClCompile Include="Engine\GraphicsPipeline\SkyBoxGraphicsPipeline.cpp">
      <Filter>Engine\GraphicsPipeline</Filter>
    </ClCompile>
    <ClCompile Include="Engine\GraphicsPipeline\GPUParticleGraphicsPipeline.cpp">
      <Filter>Engine\GraphicsPipeline</Filter>
    </ClCompile>
    <ClCompile Include="Engine\ComputePipeline\ParticleInitComputePipeline.cpp">
      <Filter>Engine\ComputePipeline</Filter>
    </ClCompile>
    <ClCompile Include="Engine\ComputePipeline\ParticleEmitComputePipeline.cpp">
      <Filter>Engine\ComputePipeline</Filter>
    </ClCompile>
    <ClCompile Include="Engine\ComputePipeline\ParticleUpdateComputePipeline.cpp">
      <Filter>Engine\ComputePipeline</Filter>
    </ClCompile>
    <ClCompile Include="Engine\GraphicsPipeline\ParticleGraphicsPipeline.cpp">
      <Filter>Engine\GraphicsPipeline</Filter>
    </ClCompile>
    <ClCompile Include="Engine\3d\Animation\AnimationManager.cpp">
      <Filter>Engine\3d\Animation</Filter>
    </ClCompile>
    <ClCompile Include="Engine\3d\Animation\Animation.cpp">
      <Filter>Engine\3d\Animation</Filter>
    </ClCompile>
    <ClCompile Include="Game\Charactor\BaseCharactor.cpp">
      <Filter>Game\Charactor</Filter>
    </ClCompile>
    <ClCompile Include="Game\Charactor\Boss\Behavior\Idel\BossIdel.cpp">
      <Filter>Game\Charactor\Boss\Behavior\Idel</Filter>
    </ClCompile>
    <ClCompile Include="Game\Charactor\Boss\Behavior\Attack\BossAttack.cpp">
      <Filter>Game\Charactor\Boss\Behavior\Attack</Filter>
    </ClCompile>
    <ClCompile Include="Game\Charactor\Boss\Behavior\Dead\BossDead.cpp">
      <Filter>Game\Charactor\Boss\Behavior\Dead</Filter>
    </ClCompile>
    <ClCompile Include="Game\Charactor\Boss\Behavior\Appear\BossAppear.cpp">
      <Filter>Game\Charactor\Boss\Behavior\Appear</Filter>
    </ClCompile>
    <ClCompile Include="Game\Charactor\Player\Behavior\Idel\PlayerIdel.cpp">
      <Filter>Game\Charactor\Player\Behavior\Idel</Filter>
    </ClCompile>
    <ClCompile Include="Game\Charactor\Player\Behavior\Dead\PlayerDead.cpp">
      <Filter>Game\Charactor\Player\Behavior\Dead</Filter>
    </ClCompile>
    <ClCompile Include="Game\Charactor\Player\Behavior\Attack\PlayerAttack.cpp">
      <Filter>Game\Charactor\Player\Behavior\Attack</Filter>
    </ClCompile>
    <ClCompile Include="Game\Charactor\Player\Behavior\Dash\PlayerDash.cpp">
      <Filter>Game\Charactor\Player\Behavior\Dash</Filter>
    </ClCompile>
    <ClCompile Include="Game\Charactor\Player\Behavior\Jog\PlayerJog.cpp">
      <Filter>Game\Charactor\Player\Behavior\Jog</Filter>
    </ClCompile>
    <ClCompile Include="Game\Charactor\Player\Behavior\KnockBack\PlayerKnockBack.cpp">
      <Filter>Game\Charactor\Player\Behavior\KnockBack</Filter>
    </ClCompile>
    <ClCompile Include="Engine\Collision\Collider\SphereCollider.cpp">
      <Filter>Engine\Collision\Collider</Filter>
    </ClCompile>
    <ClCompile Include="Engine\Collision\Collider\OBBCollider.cpp">
      <Filter>Engine\Collision\Collider</Filter>
    </ClCompile>
    <ClCompile Include="Engine\Collision\Collider\ColliderManager.cpp">
      <Filter>Engine\Collision\Collider</Filter>
    </ClCompile>
    <ClCompile Include="Engine\Collision\Collider\Collider.cpp">
      <Filter>Engine\Collision\Collider</Filter>
    </ClCompile>
    <ClCompile Include="Game\Scene\DebugTestScene\DebugTestScene.cpp">
      <Filter>Game\Scene\DebugTestScene</Filter>
    </ClCompile>
    <ClCompile Include="Game\Scene\GameScene\GameScene.cpp">
      <Filter>Game\Scene\GameScene</Filter>
    </ClCompile>
    <ClCompile Include="Game\Scene\TitleScene\TitleScene.cpp">
      <Filter>Game\Scene\TitleScene</Filter>
    </ClCompile>
    <ClCompile Include="Game\Scene\GameScene\State\Battle\BattleState.cpp">
      <Filter>Game\Scene\GameScene\State\Battle</Filter>
    </ClCompile>
    <ClCompile Include="Game\Scene\GameScene\State\PlayerDead\PlayerDeadState.cpp">
      <Filter>Game\Scene\GameScene\State\PlayerDead</Filter>
    </ClCompile>
    <ClCompile Include="Game\Scene\GameScene\State\BossDead\BossDeadState.cpp">
      <Filter>Game\Scene\GameScene\State\BossDead</Filter>
    </ClCompile>
    <ClCompile Include="Game\Scene\GameScene\State\Clear\ClearState.cpp">
      <Filter>Game\Scene\GameScene\State\Clear</Filter>
    </ClCompile>
    <ClCompile Include="Game\Scene\GameScene\State\GameOver\GameOverState.cpp">
      <Filter>Game\Scene\GameScene\State\GameOver</Filter>
    </ClCompile>
    <ClCompile Include="Game\Charactor\Player\LockOn.cpp">
      <Filter>Game\Charactor\Player</Filter>
    </ClCompile>
    <ClCompile Include="Game\Charactor\Player\MasicBall\MagicBall.cpp">
      <Filter>Game\Charactor\Player\MagicBall</Filter>
    </ClCompile>
    <ClCompile Include="Game\Charactor\Player\MasicBall\MagicBallManager.cpp">
      <Filter>Game\Charactor\Player\MagicBall</Filter>
    </ClCompile>
    <ClCompile Include="Game\Charactor\Boss\GroundFlare\GroundFlare.cpp">
      <Filter>Game\Charactor\Boss\GroundFlare</Filter>
    </ClCompile>
    <ClCompile Include="Game\Charactor\Boss\GroundFlare\GroundFlareManager.cpp">
      <Filter>Game\Charactor\Boss\GroundFlare</Filter>
    </ClCompile>
    <ClCompile Include="Game\Charactor\Player\GroundBurst\GroundBurst.cpp">
      <Filter>Game\Charactor\Player\GroundBurst</Filter>
    </ClCompile>
    <ClCompile Include="Game\Charactor\Player\GroundBurst\GroundBurstManager.cpp">
      <Filter>Game\Charactor\Player\GroundBurst</Filter>
    </ClCompile>
    <ClCompile Include="Game\Charactor\Boss\Behavior\Move\BossMove.cpp">
      <Filter>Game\Charactor\Boss\Behavior\Move</Filter>
    </ClCompile>
    <ClCompile Include="Game\Charactor\HP.cpp">
      <Filter>Game\Charactor</Filter>
    </ClCompile>
    <ClCompile Include="Game\Charactor\Player\Behavior\Avoid\PlayerAvoid.cpp">
      <Filter>Game\Charactor\Player\Behavior\Avoid</Filter>
    </ClCompile>
    <ClCompile Include="Game\Charactor\Boss\IceImpact\IceImpactManager.cpp">
      <Filter>Game\Charactor\Boss\IceImpact</Filter>
    </ClCompile>
    <ClCompile Include="Game\Charactor\Boss\IceImpact\IceImpact.cpp">
      <Filter>Game\Charactor\Boss\IceImpact</Filter>
    </ClCompile>
    <ClCompile Include="Game\Charactor\Player\Stamina.cpp">
      <Filter>Game\Charactor\Player</Filter>
    </ClCompile>
    <ClCompile Include="Game\Charactor\Player\State\BurnState\BurnState.cpp">
      <Filter>Game\Charactor\Player\State\BurnState</Filter>
    </ClCompile>
    <ClCompile Include="Game\Charactor\Player\State\ChilledState\ChilledState.cpp">
      <Filter>Game\Charactor\Player\State\ChilledState</Filter>
    </ClCompile>
    <ClCompile Include="Game\Charactor\Player\State\NormalState\NormalState.cpp">
      <Filter>Game\Charactor\Player\State\NormalState</Filter>
    </ClCompile>
    <ClCompile Include="Game\GameTime.cpp">
      <Filter>Game</Filter>
    </ClCompile>
  </ItemGroup>
  <ItemGroup>
    <ClInclude Include="Engine\Base\DirectXCommon.h">
      <Filter>Engine\Base</Filter>
    </ClInclude>
    <ClInclude Include="Engine\Base\WinApp.h">
      <Filter>Engine\Base</Filter>
    </ClInclude>
    <ClInclude Include="Engine\2d\Sprite.h">
      <Filter>Engine\2d</Filter>
    </ClInclude>
    <ClInclude Include="Engine\3d\WorldTransform.h">
      <Filter>Engine\3d</Filter>
    </ClInclude>
    <ClInclude Include="Engine\Math\Vec2.h">
      <Filter>Engine\Math</Filter>
    </ClInclude>
    <ClInclude Include="Engine\Math\Vec3.h">
      <Filter>Engine\Math</Filter>
    </ClInclude>
    <ClInclude Include="Engine\Math\Vec4.h">
      <Filter>Engine\Math</Filter>
    </ClInclude>
    <ClInclude Include="Engine\Math\Matrix44.h">
      <Filter>Engine\Math</Filter>
    </ClInclude>
    <ClInclude Include="Engine\Input\Input.h">
      <Filter>Engine\Input</Filter>
    </ClInclude>
    <ClInclude Include="Engine\DebugText\ImGuiManager.h">
      <Filter>Engine\DebugText</Filter>
    </ClInclude>
    <ClInclude Include="Engine\DebugText\Log.h">
      <Filter>Engine\DebugText</Filter>
    </ClInclude>
    <ClInclude Include="Engine\3d\Particle\Particle.h">
      <Filter>Engine\3d\Particle</Filter>
    </ClInclude>
    <ClInclude Include="Engine\Base\TextureManager.h">
      <Filter>Engine\Base</Filter>
    </ClInclude>
    <ClInclude Include="Engine\Math\Quaternion.h">
      <Filter>Engine\Math</Filter>
    </ClInclude>
    <ClInclude Include="Engine\Framework\Framework.h">
      <Filter>Engine\Framework</Filter>
    </ClInclude>
    <ClInclude Include="Game\MyGame.h">
      <Filter>Game</Filter>
    </ClInclude>
    <ClInclude Include="Game\Scene\SceneFactory.h">
      <Filter>Game\Scene</Filter>
    </ClInclude>
    <ClInclude Include="Engine\BaseScene\AbstractSceneFactory.h">
      <Filter>Engine\BaseScene</Filter>
    </ClInclude>
    <ClInclude Include="Engine\BaseScene\IScene.h">
      <Filter>Engine\BaseScene</Filter>
    </ClInclude>
    <ClInclude Include="Engine\BaseScene\SceneManager.h">
      <Filter>Engine\BaseScene</Filter>
    </ClInclude>
    <ClInclude Include="Engine\Collision\Hit.h">
      <Filter>Engine\Collision</Filter>
    </ClInclude>
    <ClInclude Include="Engine\Camera\Camera.h">
      <Filter>Engine\Camera</Filter>
    </ClInclude>
    <ClInclude Include="Engine\3d\Object3d.h">
      <Filter>Engine\3d</Filter>
    </ClInclude>
    <ClInclude Include="Engine\DebugText\GlobalVariables.h">
      <Filter>Engine\DebugText</Filter>
    </ClInclude>
    <ClInclude Include="Engine\Audio\Audio.h">
      <Filter>Engine\Audio</Filter>
    </ClInclude>
    <ClInclude Include="Engine\3d\Light\DirectionalLight.h">
      <Filter>Engine\3d\Light</Filter>
    </ClInclude>
    <ClInclude Include="Engine\3d\Light\PointLight.h">
      <Filter>Engine\3d\Light</Filter>
    </ClInclude>
    <ClInclude Include="Engine\3d\Light\SpotLight.h">
      <Filter>Engine\3d\Light</Filter>
    </ClInclude>
    <ClInclude Include="Engine\Loader\LevelLoader.h">
      <Filter>Engine\Loader</Filter>
    </ClInclude>
    <ClInclude Include="Engine\Easing\Easing.h">
      <Filter>Engine\Easing</Filter>
    </ClInclude>
    <ClInclude Include="Engine\Collision\CollisionShapes.h">
      <Filter>Engine\Collision</Filter>
    </ClInclude>
    <ClInclude Include="Engine\3d\SkinningObject.h">
      <Filter>Engine\3d</Filter>
    </ClInclude>
    <ClInclude Include="Engine\3d\SkinCluster.h">
      <Filter>Engine\3d</Filter>
    </ClInclude>
    <ClInclude Include="Engine\Line\Line.h">
      <Filter>Engine\Line</Filter>
    </ClInclude>
    <ClInclude Include="Engine\3d\SkyBox.h">
      <Filter>Engine\3d</Filter>
    </ClInclude>
    <ClInclude Include="Engine\Collision\ShapesDraw.h">
      <Filter>Engine\Collision</Filter>
    </ClInclude>
    <ClInclude Include="Engine\3d\Mesh.h">
      <Filter>Engine\3d</Filter>
    </ClInclude>
    <ClInclude Include="Engine\3d\Material.h">
      <Filter>Engine\3d</Filter>
    </ClInclude>
    <ClInclude Include="Engine\PostEffect\PostEffect.h">
      <Filter>Engine\PostEffect</Filter>
    </ClInclude>
    <ClInclude Include="Engine\PostEffect\Dissolve.h">
      <Filter>Engine\PostEffect</Filter>
    </ClInclude>
    <ClInclude Include="Engine\PostEffect\OutLine.h">
      <Filter>Engine\PostEffect</Filter>
    </ClInclude>
    <ClInclude Include="Engine\3d\Model\ModelManager.h">
      <Filter>Engine\3d\Model</Filter>
    </ClInclude>
    <ClInclude Include="Engine\3d\Particle\GPUParticle.h">
      <Filter>Engine\3d\Particle</Filter>
    </ClInclude>
    <ClInclude Include="Engine\PostEffect\HSVFilter.h">
      <Filter>Engine\PostEffect</Filter>
    </ClInclude>
    <ClInclude Include="Game\Charactor\Boss\Boss.h">
      <Filter>Game\Charactor\Boss</Filter>
    </ClInclude>
    <ClInclude Include="Game\Charactor\Player\Player.h">
      <Filter>Game\Charactor\Player</Filter>
    </ClInclude>
    <ClInclude Include="Game\Charactor\Boss\Icicle\Icicle.h">
      <Filter>Game\Charactor\Boss\Icicle</Filter>
    </ClInclude>
    <ClInclude Include="Game\Charactor\Boss\Icicle\IcicleManager.h">
      <Filter>Game\Charactor\Boss\Icicle</Filter>
    </ClInclude>
    <ClInclude Include="Game\Charactor\Boss\PlasmaShot\PlasmaShot.h">
      <Filter>Game\Charactor\Boss\PlasmaShot</Filter>
    </ClInclude>
    <ClInclude Include="Game\Charactor\Boss\PlasmaShot\PlasmaShotManager.h">
      <Filter>Game\Charactor\Boss\PlasmaShot</Filter>
    </ClInclude>
    <ClInclude Include="Game\Charactor\Boss\ElementBall\ElementBall.h">
      <Filter>Game\Charactor\Boss\ElementBall</Filter>
    </ClInclude>
    <ClInclude Include="Game\Charactor\Boss\ElementBall\ElementBallManager.h">
      <Filter>Game\Charactor\Boss\ElementBall</Filter>
    </ClInclude>
    <ClInclude Include="Game\GameObject\Rock.h">
      <Filter>Game\GameObject</Filter>
    </ClInclude>
    <ClInclude Include="Game\GameObject\Ground.h">
      <Filter>Game\GameObject</Filter>
    </ClInclude>
    <ClInclude Include="Game\Charactor\Player\FollowCamera.h">
      <Filter>Game\Charactor\Player</Filter>
    </ClInclude>
    <ClInclude Include="Game\Effects\BurnScar.h">
      <Filter>Game\Effects</Filter>
    </ClInclude>
    <ClInclude Include="Game\Effects\BaseScar.h">
      <Filter>Game\Effects</Filter>
    </ClInclude>
    <ClInclude Include="Game\Effects\IceScar.h">
      <Filter>Game\Effects</Filter>
    </ClInclude>
    <ClInclude Include="Engine\3d\Particle\ParticleManager.h">
      <Filter>Engine\3d\Particle</Filter>
    </ClInclude>
    <ClInclude Include="Engine\3d\Particle\ParticleEditor.h">
      <Filter>Engine\3d\Particle</Filter>
    </ClInclude>
    <ClInclude Include="Engine\GraphicsPipeline\SpriteGraphicsPipeline.h">
      <Filter>Engine\GraphicsPipeline</Filter>
    </ClInclude>
    <ClInclude Include="Engine\Base\DXCompiler.h">
      <Filter>Engine\Base</Filter>
    </ClInclude>
    <ClInclude Include="Engine\GraphicsPipeline\BaseGraphicsPipeline.h">
      <Filter>Engine\GraphicsPipeline</Filter>
    </ClInclude>
    <ClInclude Include="Engine\GraphicsPipeline\PipelineManager.h">
      <Filter>Engine\GraphicsPipeline</Filter>
    </ClInclude>
    <ClInclude Include="Engine\GraphicsPipeline\LineGraphicsPipeline.h">
      <Filter>Engine\GraphicsPipeline</Filter>
    </ClInclude>
    <ClInclude Include="Engine\GraphicsPipeline\Object3dGraphicsPipeline.h">
      <Filter>Engine\GraphicsPipeline</Filter>
    </ClInclude>
    <ClInclude Include="Engine\Base\RootParameters.h">
      <Filter>Engine\Base</Filter>
    </ClInclude>
    <ClInclude Include="Engine\GraphicsPipeline\SkinningGraphicsPipeline.h">
      <Filter>Engine\GraphicsPipeline</Filter>
    </ClInclude>
    <ClInclude Include="Engine\ComputePipeline\SkinningComputePipeline.h">
      <Filter>Engine\ComputePipeline</Filter>
    </ClInclude>
    <ClInclude Include="Engine\ComputePipeline\BaseComputePipeline.h">
      <Filter>Engine\ComputePipeline</Filter>
    </ClInclude>
    <ClInclude Include="Engine\GraphicsPipeline\SkyBoxGraphicsPipeline.h">
      <Filter>Engine\GraphicsPipeline</Filter>
    </ClInclude>
    <ClInclude Include="Engine\GraphicsPipeline\GPUParticleGraphicsPipeline.h">
      <Filter>Engine\GraphicsPipeline</Filter>
    </ClInclude>
    <ClInclude Include="Engine\ComputePipeline\ParticleInitComputePipeline.h">
      <Filter>Engine\ComputePipeline</Filter>
    </ClInclude>
    <ClInclude Include="Engine\ComputePipeline\ParticleEmitComputePipeline.h">
      <Filter>Engine\ComputePipeline</Filter>
    </ClInclude>
    <ClInclude Include="Engine\ComputePipeline\ParticleUpdateComputePipeline.h">
      <Filter>Engine\ComputePipeline</Filter>
    </ClInclude>
    <ClInclude Include="Engine\GraphicsPipeline\ParticleGraphicsPipeline.h">
      <Filter>Engine\GraphicsPipeline</Filter>
    </ClInclude>
    <ClInclude Include="Engine\3d\Animation\AnimationManager.h">
      <Filter>Engine\3d\Animation</Filter>
    </ClInclude>
    <ClInclude Include="Engine\3d\Animation\Animation.h">
      <Filter>Engine\3d\Animation</Filter>
    </ClInclude>
    <ClInclude Include="Game\Charactor\BaseCharactor.h">
      <Filter>Game\Charactor</Filter>
    </ClInclude>
    <ClInclude Include="Game\Charactor\Boss\Behavior\IBossBehavior.h">
      <Filter>Game\Charactor\Boss\Behavior</Filter>
    </ClInclude>
    <ClInclude Include="Game\Charactor\Boss\Behavior\Idel\BossIdel.h">
      <Filter>Game\Charactor\Boss\Behavior\Idel</Filter>
    </ClInclude>
    <ClInclude Include="Game\Charactor\Boss\Behavior\Attack\BossAttack.h">
      <Filter>Game\Charactor\Boss\Behavior\Attack</Filter>
    </ClInclude>
    <ClInclude Include="Game\Charactor\Boss\Behavior\Dead\BossDead.h">
      <Filter>Game\Charactor\Boss\Behavior\Dead</Filter>
    </ClInclude>
    <ClInclude Include="Game\Charactor\Boss\Behavior\Appear\BossAppear.h">
      <Filter>Game\Charactor\Boss\Behavior\Appear</Filter>
    </ClInclude>
    <ClInclude Include="Game\Charactor\Player\Behavior\IPlayerBehavior.h">
      <Filter>Game\Charactor\Player\Behavior</Filter>
    </ClInclude>
    <ClInclude Include="Game\Charactor\Player\Behavior\Idel\PlayerIdel.h">
      <Filter>Game\Charactor\Player\Behavior\Idel</Filter>
    </ClInclude>
    <ClInclude Include="Game\Charactor\Player\Behavior\Dead\PlayerDead.h">
      <Filter>Game\Charactor\Player\Behavior\Dead</Filter>
    </ClInclude>
    <ClInclude Include="Game\Charactor\Player\Behavior\Attack\PlayerAttack.h">
      <Filter>Game\Charactor\Player\Behavior\Attack</Filter>
    </ClInclude>
    <ClInclude Include="Game\Charactor\Player\Behavior\Dash\PlayerDash.h">
      <Filter>Game\Charactor\Player\Behavior\Dash</Filter>
    </ClInclude>
    <ClInclude Include="Game\Charactor\Player\Behavior\Jog\PlayerJog.h">
      <Filter>Game\Charactor\Player\Behavior\Jog</Filter>
    </ClInclude>
    <ClInclude Include="Game\Charactor\Player\Behavior\KnockBack\PlayerKnockBack.h">
      <Filter>Game\Charactor\Player\Behavior\KnockBack</Filter>
    </ClInclude>
    <ClInclude Include="Engine\Collision\Collider\SphereCollider.h">
      <Filter>Engine\Collision\Collider</Filter>
    </ClInclude>
    <ClInclude Include="Engine\Collision\Collider\OBBCollider.h">
      <Filter>Engine\Collision\Collider</Filter>
    </ClInclude>
    <ClInclude Include="Engine\Collision\Collider\ColliderManager.h">
      <Filter>Engine\Collision\Collider</Filter>
    </ClInclude>
    <ClInclude Include="Engine\Collision\Collider\Collider.h">
      <Filter>Engine\Collision\Collider</Filter>
    </ClInclude>
    <ClInclude Include="Game\Scene\DebugTestScene\DebugTestScene.h">
      <Filter>Game\Scene\DebugTestScene</Filter>
    </ClInclude>
    <ClInclude Include="Game\Scene\GameScene\GameScene.h">
      <Filter>Game\Scene\GameScene</Filter>
    </ClInclude>
    <ClInclude Include="Game\Scene\TitleScene\TitleScene.h">
      <Filter>Game\Scene\TitleScene</Filter>
    </ClInclude>
    <ClInclude Include="Game\Scene\GameScene\State\ISceneState.h">
      <Filter>Game\Scene\GameScene\State</Filter>
    </ClInclude>
    <ClInclude Include="Game\Scene\GameScene\State\Battle\BattleState.h">
      <Filter>Game\Scene\GameScene\State\Battle</Filter>
    </ClInclude>
    <ClInclude Include="Game\Scene\GameScene\State\PlayerDead\PlayerDeadState.h">
      <Filter>Game\Scene\GameScene\State\PlayerDead</Filter>
    </ClInclude>
    <ClInclude Include="Game\Scene\GameScene\State\BossDead\BossDeadState.h">
      <Filter>Game\Scene\GameScene\State\BossDead</Filter>
    </ClInclude>
    <ClInclude Include="Game\Scene\GameScene\State\Clear\ClearState.h">
      <Filter>Game\Scene\GameScene\State\Clear</Filter>
    </ClInclude>
    <ClInclude Include="Game\Scene\GameScene\State\GameOver\GameOverState.h">
      <Filter>Game\Scene\GameScene\State\GameOver</Filter>
    </ClInclude>
    <ClInclude Include="Game\Charactor\Player\LockOn.h">
      <Filter>Game\Charactor\Player</Filter>
    </ClInclude>
    <ClInclude Include="Game\Charactor\Player\MasicBall\MagicBall.h">
      <Filter>Game\Charactor\Player\MagicBall</Filter>
    </ClInclude>
    <ClInclude Include="Game\Charactor\Player\MasicBall\MagicBallManager.h">
      <Filter>Game\Charactor\Player\MagicBall</Filter>
    </ClInclude>
    <ClInclude Include="Game\Charactor\Boss\GroundFlare\GroundFlare.h">
      <Filter>Game\Charactor\Boss\GroundFlare</Filter>
    </ClInclude>
    <ClInclude Include="Game\Charactor\Boss\GroundFlare\GroundFlareManager.h">
      <Filter>Game\Charactor\Boss\GroundFlare</Filter>
    </ClInclude>
    <ClInclude Include="Game\Charactor\BaseAttack.h">
      <Filter>Game\Charactor</Filter>
    </ClInclude>
    <ClInclude Include="Game\Charactor\Player\GroundBurst\GroundBurst.h">
      <Filter>Game\Charactor\Player\GroundBurst</Filter>
    </ClInclude>
    <ClInclude Include="Game\Charactor\Player\GroundBurst\GroundBurstManager.h">
      <Filter>Game\Charactor\Player\GroundBurst</Filter>
    </ClInclude>
    <ClInclude Include="Game\Charactor\Player\BasePlayerAttackManager.h">
      <Filter>Game\Charactor\Player</Filter>
    </ClInclude>
    <ClInclude Include="Game\Charactor\Boss\BaseBossAttackManager.h">
      <Filter>Game\Charactor\Boss</Filter>
    </ClInclude>
    <ClInclude Include="Game\Charactor\Boss\Behavior\Move\BossMove.h">
      <Filter>Game\Charactor\Boss\Behavior\Move</Filter>
    </ClInclude>
    <ClInclude Include="Engine\Base\RandomEngine.h">
      <Filter>Engine\Base</Filter>
    </ClInclude>
    <ClInclude Include="Game\Charactor\HP.h">
      <Filter>Game\Charactor</Filter>
    </ClInclude>
    <ClInclude Include="Game\Charactor\Player\Behavior\Avoid\PlayerAvoid.h">
      <Filter>Game\Charactor\Player\Behavior\Avoid</Filter>
    </ClInclude>
    <ClInclude Include="Game\Charactor\Boss\IceImpact\IceImpactManager.h">
      <Filter>Game\Charactor\Boss\IceImpact</Filter>
    </ClInclude>
    <ClInclude Include="Game\Charactor\Boss\IceImpact\IceImpact.h">
      <Filter>Game\Charactor\Boss\IceImpact</Filter>
    </ClInclude>
    <ClInclude Include="Game\Charactor\Player\Stamina.h">
      <Filter>Game\Charactor\Player</Filter>
    </ClInclude>
    <ClInclude Include="Game\Charactor\Player\State\IPlayerState.h">
      <Filter>Game\Charactor\Player\State</Filter>
    </ClInclude>
    <ClInclude Include="Game\Charactor\Player\State\BurnState\BurnState.h">
      <Filter>Game\Charactor\Player\State\BurnState</Filter>
    </ClInclude>
    <ClInclude Include="Game\Charactor\Player\State\ChilledState\ChilledState.h">
      <Filter>Game\Charactor\Player\State\ChilledState</Filter>
    </ClInclude>
    <ClInclude Include="Game\Charactor\Player\State\NormalState\NormalState.h">
      <Filter>Game\Charactor\Player\State\NormalState</Filter>
    </ClInclude>
    <ClInclude Include="Game\GameTime.h">
      <Filter>Game</Filter>
    </ClInclude>
  </ItemGroup>
</Project>