
Microsoft Visual Studio Solution File, Format Version 12.00
# Visual Studio Version 17
VisualStudioVersion = 17.5.33530.505
MinimumVisualStudioVersion = 10.0.40219.1
Project("{8BC9CEB8-8B4A-11D0-8D11-00A0C91BC942}") = "DirectXGame", "DirectXGame.vcxproj", "{C9A6A23E-FF86-4C50-8DDC-33E33683EE6A}"
EndProject
Project("{2150E333-8FDC-42A3-9474-1A3956D46DE8}") = "ソリューション項目", "ソリューション項目", "{9F5041B0-16E4-4A61-B968-38455BE625D5}"
	ProjectSection(SolutionItems) = preProject
		.editorconfig = .editorconfig
	EndProjectSection
EndProject
Project("{2150E333-8FDC-42A3-9474-1A3956D46DE8}") = "External", "External", "{DEF7E4B4-63C9-4F75-9AB8-909B144314B2}"
EndProject
Project("{8BC9CEB8-8B4A-11D0-8D11-00A0C91BC942}") = "DirectXTex", "externals\DirectXTex\DirectXTex_Desktop_2022_Win10.vcxproj", "{371B9FA9-4C90-4AC6-A123-ACED756D6C77}"
EndProject
Project("{8BC9CEB8-8B4A-11D0-8D11-00A0C91BC942}") = "imgui", "externals\imgui\imgui.vcxproj", "{9E756113-1C15-42DB-AE2C-526F435D9174}"
EndProject
Global
	GlobalSection(SolutionConfigurationPlatforms) = preSolution
		Debug|x64 = Debug|x64
		Demo|x64 = Demo|x64
		Profile|x64 = Profile|x64
		Release|x64 = Release|x64
	EndGlobalSection
	GlobalSection(ProjectConfigurationPlatforms) = postSolution
		{C9A6A23E-FF86-4C50-8DDC-33E33683EE6A}.Debug|x64.ActiveCfg = Debug|x64
		{C9A6A23E-FF86-4C50-8DDC-33E33683EE6A}.Debug|x64.Build.0 = Debug|x64
		{C9A6A23E-FF86-4C50-8DDC-33E33683EE6A}.Demo|x64.ActiveCfg = Demo|x64
		{C9A6A23E-FF86-4C50-8DDC-33E33683EE6A}.Demo|x64.Build.0 = Demo|x64
		{C9A6A23E-FF86-4C50-8DDC-33E33683EE6A}.Profile|x64.ActiveCfg = Release|x64
		{C9A6A23E-FF86-4C50-8DDC-33E33683EE6A}.Profile|x64.Build.0 = Release|x64
		{C9A6A23E-FF86-4C50-8DDC-33E33683EE6A}.Release|x64.ActiveCfg = Release|x64
		{C9A6A23E-FF86-4C50-8DDC-33E33683EE6A}.Release|x64.Build.0 = Release|x64
		{371B9FA9-4C90-4AC6-A123-ACED756D6C77}.Debug|x64.ActiveCfg = Debug|x64
		{371B9FA9-4C90-4AC6-A123-ACED756D6C77}.Debug|x64.Build.0 = Debug|x64
		{371B9FA9-4C90-4AC6-A123-ACED756D6C77}.Demo|x64.ActiveCfg = Demo|x64
		{371B9FA9-4C90-4AC6-A123-ACED756D6C77}.Demo|x64.Build.0 = Demo|x64
		{371B9FA9-4C90-4AC6-A123-ACED756D6C77}.Profile|x64.ActiveCfg = Profile|x64
		{371B9FA9-4C90-4AC6-A123-ACED756D6C77}.Profile|x64.Build.0 = Profile|x64
		{371B9FA9-4C90-4AC6-A123-ACED756D6C77}.Release|x64.ActiveCfg = Release|x64
		{371B9FA9-4C90-4AC6-A123-ACED756D6C77}.Release|x64.Build.0 = Release|x64
		{9E756113-1C15-42DB-AE2C-526F435D9174}.Debug|x64.ActiveCfg = Debug|x64
		{9E756113-1C15-42DB-AE2C-526F435D9174}.Debug|x64.Build.0 = Debug|x64
		{9E756113-1C15-42DB-AE2C-526F435D9174}.Demo|x64.ActiveCfg = Demo|x64
		{9E756113-1C15-42DB-AE2C-526F435D9174}.Demo|x64.Build.0 = Demo|x64
		{9E756113-1C15-42DB-AE2C-526F435D9174}.Profile|x64.ActiveCfg = Debug|x64
		{9E756113-1C15-42DB-AE2C-526F435D9174}.Profile|x64.Build.0 = Debug|x64
		{9E756113-1C15-42DB-AE2C-526F435D9174}.Release|x64.ActiveCfg = Release|x64
		{9E756113-1C15-42DB-AE2C-526F435D9174}.Release|x64.Build.0 = Release|x64
	EndGlobalSection
	GlobalSection(SolutionProperties) = preSolution
		HideSolutionNode = FALSE
	EndGlobalSection
	GlobalSection(NestedProjects) = preSolution
		{371B9FA9-4C90-4AC6-A123-ACED756D6C77} = {DEF7E4B4-63C9-4F75-9AB8-909B144314B2}
		{9E756113-1C15-42DB-AE2C-526F435D9174} = {DEF7E4B4-63C9-4F75-9AB8-909B144314B2}
	EndGlobalSection
	GlobalSection(ExtensibilityGlobals) = postSolution
		SolutionGuid = {63159E75-BF6B-4232-A19B-6B1F9166E986}
	EndGlobalSection
EndGlobal
